
Microsoft Visual Studio Solution File, Format Version 12.00
Project("{FAE04EC0-301F-11D3-BF4B-00C04F79EFBC}") = "CashFlow", "CashFlow\CashFlow\CashFlow.csproj", "{2C53FD75-C0F5-4CF0-9728-BEA3E03934F4}"
EndProject
Project("{FAE04EC0-301F-11D3-BF4B-00C04F79EFBC}") = "CashFlow.Android", "CashFlow\CashFlow.Android\CashFlow.Android.csproj", "{077BFDA0-B2EA-4810-8092-1B51CCD2820E}"
EndProject
Project("{FAE04EC0-301F-11D3-BF4B-00C04F79EFBC}") = "CashFlow.iOS", "CashFlow\CashFlow.iOS\CashFlow.iOS.csproj", "{8A902F89-4DBC-4DD1-9CFC-0C0207FC890E}"
EndProject
Global
	GlobalSection(SolutionConfigurationPlatforms) = preSolution
		Debug|Any CPU = Debug|Any CPU
		Release|Any CPU = Release|Any CPU
	EndGlobalSection
	GlobalSection(ProjectConfigurationPlatforms) = postSolution
		{2C53FD75-C0F5-4CF0-9728-BEA3E03934F4}.Debug|Any CPU.ActiveCfg = Debug|Any CPU
		{2C53FD75-C0F5-4CF0-9728-BEA3E03934F4}.Debug|Any CPU.Build.0 = Debug|Any CPU
		{2C53FD75-C0F5-4CF0-9728-BEA3E03934F4}.Release|Any CPU.ActiveCfg = Release|Any CPU
		{2C53FD75-C0F5-4CF0-9728-BEA3E03934F4}.Release|Any CPU.Build.0 = Release|Any CPU
		{077BFDA0-B2EA-4810-8092-1B51CCD2820E}.Debug|Any CPU.ActiveCfg = Debug|Any CPU
		{077BFDA0-B2EA-4810-8092-1B51CCD2820E}.Debug|Any CPU.Build.0 = Debug|Any CPU
		{077BFDA0-B2EA-4810-8092-1B51CCD2820E}.Release|Any CPU.ActiveCfg = Release|Any CPU
		{077BFDA0-B2EA-4810-8092-1B51CCD2820E}.Release|Any CPU.Build.0 = Release|Any CPU
		{8A902F89-4DBC-4DD1-9CFC-0C0207FC890E}.Debug|Any CPU.ActiveCfg = Debug|iPhoneSimulator
		{8A902F89-4DBC-4DD1-9CFC-0C0207FC890E}.Release|Any CPU.ActiveCfg = Release|iPhoneSimulator
		{8A902F89-4DBC-4DD1-9CFC-0C0207FC890E}.Release|Any CPU.Build.0 = Release|iPhoneSimulator
		{8A902F89-4DBC-4DD1-9CFC-0C0207FC890E}.Debug|Any CPU.Build.0 = Debug|iPhoneSimulator
	EndGlobalSection
EndGlobal
